
Microsoft Visual Studio Solution File, Format Version 12.00
# Visual Studio Version 16
VisualStudioVersion = 16.0.29519.181
MinimumVisualStudioVersion = 10.0.40219.1
Project("{FAE04EC0-301F-11D3-BF4B-00C04F79EFBC}") = "CW_18_12_19", "CW_18_12_19.csproj", "{C98868F5-71B4-4333-9387-0FF083D38D1A}"
EndProject
Global
	GlobalSection(SolutionConfigurationPlatforms) = preSolution
		Debug|Any CPU = Debug|Any CPU
		Release|Any CPU = Release|Any CPU
	EndGlobalSection
	GlobalSection(ProjectConfigurationPlatforms) = postSolution
		{C98868F5-71B4-4333-9387-0FF083D38D1A}.Debug|Any CPU.ActiveCfg = Debug|Any CPU
		{C98868F5-71B4-4333-9387-0FF083D38D1A}.Debug|Any CPU.Build.0 = Debug|Any CPU
		{C98868F5-71B4-4333-9387-0FF083D38D1A}.Release|Any CPU.ActiveCfg = Release|Any CPU
		{C98868F5-71B4-4333-9387-0FF083D38D1A}.Release|Any CPU.Build.0 = Release|Any CPU
	EndGlobalSection
	GlobalSection(SolutionProperties) = preSolution
		HideSolutionNode = FALSE
	EndGlobalSection
	GlobalSection(ExtensibilityGlobals) = postSolution
		SolutionGuid = {C8001158-1726-4A49-8737-08E359551A4D}
	EndGlobalSection
EndGlobal
