
Microsoft Visual Studio Solution File, Format Version 12.00
# Visual Studio Version 16
VisualStudioVersion = 16.0.29519.181
MinimumVisualStudioVersion = 10.0.40219.1
Project("{FAE04EC0-301F-11D3-BF4B-00C04F79EFBC}") = "PageObjectLibrary", "PageObjectLibrary.csproj", "{D82DFAD2-2CD4-4A5D-A956-9B3B422F4D32}"
EndProject
Global
	GlobalSection(SolutionConfigurationPlatforms) = preSolution
		Debug|Any CPU = Debug|Any CPU
		Release|Any CPU = Release|Any CPU
	EndGlobalSection
	GlobalSection(ProjectConfigurationPlatforms) = postSolution
		{D82DFAD2-2CD4-4A5D-A956-9B3B422F4D32}.Debug|Any CPU.ActiveCfg = Debug|Any CPU
		{D82DFAD2-2CD4-4A5D-A956-9B3B422F4D32}.Debug|Any CPU.Build.0 = Debug|Any CPU
		{D82DFAD2-2CD4-4A5D-A956-9B3B422F4D32}.Release|Any CPU.ActiveCfg = Release|Any CPU
		{D82DFAD2-2CD4-4A5D-A956-9B3B422F4D32}.Release|Any CPU.Build.0 = Release|Any CPU
	EndGlobalSection
	GlobalSection(SolutionProperties) = preSolution
		HideSolutionNode = FALSE
	EndGlobalSection
	GlobalSection(ExtensibilityGlobals) = postSolution
		SolutionGuid = {3F2D7D6D-F658-4A0A-AAC9-64762A4F13B0}
	EndGlobalSection
EndGlobal
