
Microsoft Visual Studio Solution File, Format Version 12.00
# Visual Studio Version 16
VisualStudioVersion = 16.0.29503.13
MinimumVisualStudioVersion = 10.0.40219.1
Project("{FAE04EC0-301F-11D3-BF4B-00C04F79EFBC}") = "DEV-2", "DEV-2.csproj", "{161A7538-7CEE-467B-A608-57B0E52E0611}"
EndProject
Project("{9A19103F-16F7-4668-BE54-9A1E7A4F7556}") = "DEV_2Tests", "DEV_2Tests\DEV_2Tests.csproj", "{789F19E0-A85E-4A73-9CCD-136A0714D3AD}"
EndProject
Global
	GlobalSection(SolutionConfigurationPlatforms) = preSolution
		Debug|Any CPU = Debug|Any CPU
		Release|Any CPU = Release|Any CPU
	EndGlobalSection
	GlobalSection(ProjectConfigurationPlatforms) = postSolution
		{161A7538-7CEE-467B-A608-57B0E52E0611}.Debug|Any CPU.ActiveCfg = Debug|Any CPU
		{161A7538-7CEE-467B-A608-57B0E52E0611}.Debug|Any CPU.Build.0 = Debug|Any CPU
		{161A7538-7CEE-467B-A608-57B0E52E0611}.Release|Any CPU.ActiveCfg = Release|Any CPU
		{161A7538-7CEE-467B-A608-57B0E52E0611}.Release|Any CPU.Build.0 = Release|Any CPU
		{789F19E0-A85E-4A73-9CCD-136A0714D3AD}.Debug|Any CPU.ActiveCfg = Debug|Any CPU
		{789F19E0-A85E-4A73-9CCD-136A0714D3AD}.Debug|Any CPU.Build.0 = Debug|Any CPU
		{789F19E0-A85E-4A73-9CCD-136A0714D3AD}.Release|Any CPU.ActiveCfg = Release|Any CPU
		{789F19E0-A85E-4A73-9CCD-136A0714D3AD}.Release|Any CPU.Build.0 = Release|Any CPU
	EndGlobalSection
	GlobalSection(SolutionProperties) = preSolution
		HideSolutionNode = FALSE
	EndGlobalSection
	GlobalSection(ExtensibilityGlobals) = postSolution
		SolutionGuid = {E8D9D373-BFC6-4809-9AFE-A0679ED41944}
	EndGlobalSection
EndGlobal
